
Microsoft Visual Studio Solution File, Format Version 12.00
# Visual Studio 15
VisualStudioVersion = 15.0.28307.1267
MinimumVisualStudioVersion = 10.0.40219.1
Project("{FAE04EC0-301F-11D3-BF4B-00C04F79EFBC}") = "ConsoleApp1", "ConsoleApp1\ConsoleApp1.csproj", "{1EB7A43B-8FF9-47E8-9CB7-90C1169A649F}"
EndProject
Global
	GlobalSection(SolutionConfigurationPlatforms) = preSolution
		Debug|Any CPU = Debug|Any CPU
		Release|Any CPU = Release|Any CPU
	EndGlobalSection
	GlobalSection(ProjectConfigurationPlatforms) = postSolution
		{1EB7A43B-8FF9-47E8-9CB7-90C1169A649F}.Debug|Any CPU.ActiveCfg = Debug|Any CPU
		{1EB7A43B-8FF9-47E8-9CB7-90C1169A649F}.Debug|Any CPU.Build.0 = Debug|Any CPU
		{1EB7A43B-8FF9-47E8-9CB7-90C1169A649F}.Release|Any CPU.ActiveCfg = Release|Any CPU
		{1EB7A43B-8FF9-47E8-9CB7-90C1169A649F}.Release|Any CPU.Build.0 = Release|Any CPU
	EndGlobalSection
	GlobalSection(SolutionProperties) = preSolution
		HideSolutionNode = FALSE
	EndGlobalSection
	GlobalSection(ExtensibilityGlobals) = postSolution
		SolutionGuid = {91C8E27A-F7B0-4679-BC61-77E91E55F682}
	EndGlobalSection
EndGlobal
